
Microsoft Visual Studio Solution File, Format Version 12.00
# Visual Studio Version 17
VisualStudioVersion = 17.13.35931.197
MinimumVisualStudioVersion = 10.0.40219.1
Project("{FAE04EC0-301F-11D3-BF4B-00C04F79EFBC}") = "AI-102", "AI-102\AI-102.csproj", "{2D30F50B-6BFF-42A4-B502-578A95F32756}"
EndProject
Project("{FAE04EC0-301F-11D3-BF4B-00C04F79EFBC}") = "AZ-102.App", "AZ-102.App\AZ-102.App.csproj", "{0BA531B4-D101-47B9-BBF0-C0BBD761B93B}"
EndProject
Global
	GlobalSection(SolutionConfigurationPlatforms) = preSolution
		Debug|Any CPU = Debug|Any CPU
		Release|Any CPU = Release|Any CPU
	EndGlobalSection
	GlobalSection(ProjectConfigurationPlatforms) = postSolution
		{2D30F50B-6BFF-42A4-B502-578A95F32756}.Debug|Any CPU.ActiveCfg = Debug|Any CPU
		{2D30F50B-6BFF-42A4-B502-578A95F32756}.Debug|Any CPU.Build.0 = Debug|Any CPU
		{2D30F50B-6BFF-42A4-B502-578A95F32756}.Release|Any CPU.ActiveCfg = Release|Any CPU
		{2D30F50B-6BFF-42A4-B502-578A95F32756}.Release|Any CPU.Build.0 = Release|Any CPU
		{0BA531B4-D101-47B9-BBF0-C0BBD761B93B}.Debug|Any CPU.ActiveCfg = Debug|Any CPU
		{0BA531B4-D101-47B9-BBF0-C0BBD761B93B}.Debug|Any CPU.Build.0 = Debug|Any CPU
		{0BA531B4-D101-47B9-BBF0-C0BBD761B93B}.Release|Any CPU.ActiveCfg = Release|Any CPU
		{0BA531B4-D101-47B9-BBF0-C0BBD761B93B}.Release|Any CPU.Build.0 = Release|Any CPU
	EndGlobalSection
	GlobalSection(SolutionProperties) = preSolution
		HideSolutionNode = FALSE
	EndGlobalSection
	GlobalSection(ExtensibilityGlobals) = postSolution
		SolutionGuid = {B5A9D4BA-A86A-4D99-B877-0F6BD6E52B85}
	EndGlobalSection
EndGlobal
